
Microsoft Visual Studio Solution File, Format Version 12.00
# Visual Studio Version 16
VisualStudioVersion = 16.0.29009.5
MinimumVisualStudioVersion = 10.0.40219.1
Project("{FAE04EC0-301F-11D3-BF4B-00C04F79EFBC}") = "ProyectoFinal", "ProyectoFinal.csproj", "{BFC58434-1997-4922-81E3-91BCC51FC6D9}"
EndProject
Project("{FAE04EC0-301F-11D3-BF4B-00C04F79EFBC}") = "DAL", "..\DAL\DAL.csproj", "{7836CB11-AB2C-486D-9D12-02885C78D0E6}"
EndProject
Project("{FAE04EC0-301F-11D3-BF4B-00C04F79EFBC}") = "BLL", "..\BLL\BLL.csproj", "{B42ED2EB-B6CD-44F8-9DA6-F69819CC0967}"
EndProject
Global
	GlobalSection(SolutionConfigurationPlatforms) = preSolution
		Debug|Any CPU = Debug|Any CPU
		Release|Any CPU = Release|Any CPU
	EndGlobalSection
	GlobalSection(ProjectConfigurationPlatforms) = postSolution
		{BFC58434-1997-4922-81E3-91BCC51FC6D9}.Debug|Any CPU.ActiveCfg = Debug|Any CPU
		{BFC58434-1997-4922-81E3-91BCC51FC6D9}.Debug|Any CPU.Build.0 = Debug|Any CPU
		{BFC58434-1997-4922-81E3-91BCC51FC6D9}.Release|Any CPU.ActiveCfg = Release|Any CPU
		{BFC58434-1997-4922-81E3-91BCC51FC6D9}.Release|Any CPU.Build.0 = Release|Any CPU
		{7836CB11-AB2C-486D-9D12-02885C78D0E6}.Debug|Any CPU.ActiveCfg = Debug|Any CPU
		{7836CB11-AB2C-486D-9D12-02885C78D0E6}.Debug|Any CPU.Build.0 = Debug|Any CPU
		{7836CB11-AB2C-486D-9D12-02885C78D0E6}.Release|Any CPU.ActiveCfg = Release|Any CPU
		{7836CB11-AB2C-486D-9D12-02885C78D0E6}.Release|Any CPU.Build.0 = Release|Any CPU
		{B42ED2EB-B6CD-44F8-9DA6-F69819CC0967}.Debug|Any CPU.ActiveCfg = Debug|Any CPU
		{B42ED2EB-B6CD-44F8-9DA6-F69819CC0967}.Debug|Any CPU.Build.0 = Debug|Any CPU
		{B42ED2EB-B6CD-44F8-9DA6-F69819CC0967}.Release|Any CPU.ActiveCfg = Release|Any CPU
		{B42ED2EB-B6CD-44F8-9DA6-F69819CC0967}.Release|Any CPU.Build.0 = Release|Any CPU
	EndGlobalSection
	GlobalSection(SolutionProperties) = preSolution
		HideSolutionNode = FALSE
	EndGlobalSection
	GlobalSection(ExtensibilityGlobals) = postSolution
		SolutionGuid = {4428BD91-FEC9-4BEA-A046-AECF097A92FD}
	EndGlobalSection
EndGlobal
